// !$*UTF8*$!
{
	archiveVersion = 1;
	classes = {
	};
	objectVersion = 50;
	objects = {

/* Begin PBXBuildFile section */
		1F44E26121D50398003A0542 /* Alamofire.framework in Frameworks */ = {isa = PBXBuildFile; fileRef = 1FECECEA21A27C97001B0013 /* Alamofire.framework */; };
		1F44E26221D50398003A0542 /* Kingfisher.framework in Frameworks */ = {isa = PBXBuildFile; fileRef = 1FECECE421A27C97001B0013 /* Kingfisher.framework */; };
		1F44E26321D50398003A0542 /* RxAlamofire.framework in Frameworks */ = {isa = PBXBuildFile; fileRef = 1FECECE821A27C97001B0013 /* RxAlamofire.framework */; };
		1F44E26421D50398003A0542 /* RxAtomic.framework in Frameworks */ = {isa = PBXBuildFile; fileRef = 1FECECEC21A27C97001B0013 /* RxAtomic.framework */; };
		1F44E26521D50398003A0542 /* RxBlocking.framework in Frameworks */ = {isa = PBXBuildFile; fileRef = 1FECECE721A27C97001B0013 /* RxBlocking.framework */; };
		1F44E26621D50398003A0542 /* RxCocoa.framework in Frameworks */ = {isa = PBXBuildFile; fileRef = 1FECECE321A27C97001B0013 /* RxCocoa.framework */; };
		1F44E26721D50398003A0542 /* RxSwift.framework in Frameworks */ = {isa = PBXBuildFile; fileRef = 1FECECE521A27C97001B0013 /* RxSwift.framework */; };
		1F44E26821D50398003A0542 /* Swinject.framework in Frameworks */ = {isa = PBXBuildFile; fileRef = 1FECECE621A27C97001B0013 /* Swinject.framework */; };
		1F44E26921D503B4003A0542 /* Nimble.framework in Frameworks */ = {isa = PBXBuildFile; fileRef = 1FECECEB21A27C97001B0013 /* Nimble.framework */; };
		1F44E26A21D503B4003A0542 /* Quick.framework in Frameworks */ = {isa = PBXBuildFile; fileRef = 1FECECE221A27C97001B0013 /* Quick.framework */; };
		1F44E26B21D503B4003A0542 /* RxNimbleRxBlocking.framework in Frameworks */ = {isa = PBXBuildFile; fileRef = 1F9E069521A8BC17009E28BA /* RxNimbleRxBlocking.framework */; };
		1F44E26C21D503B4003A0542 /* RxNimbleRxTest.framework in Frameworks */ = {isa = PBXBuildFile; fileRef = 1F9E069321A8BBC5009E28BA /* RxNimbleRxTest.framework */; };
		1F44E26D21D503B4003A0542 /* RxTest.framework in Frameworks */ = {isa = PBXBuildFile; fileRef = 1FECECE921A27C97001B0013 /* RxTest.framework */; };
		1F44E27021D50615003A0542 /* AppRouter.swift in Sources */ = {isa = PBXBuildFile; fileRef = 1F44E26F21D50615003A0542 /* AppRouter.swift */; };
		1F55855721D4FD9D0073E05F /* Main.storyboard in Resources */ = {isa = PBXBuildFile; fileRef = 1F55855521D4FD9D0073E05F /* Main.storyboard */; };
		1F62290722028EFB001C5AFC /* AppContainer.swift in Sources */ = {isa = PBXBuildFile; fileRef = 1F62290622028EFB001C5AFC /* AppContainer.swift */; };
		1F6B8379219ED8CC00146FD1 /* AppDelegate.swift in Sources */ = {isa = PBXBuildFile; fileRef = 1F6B8378219ED8CC00146FD1 /* AppDelegate.swift */; };
		1F6B8380219ED8CD00146FD1 /* Assets.xcassets in Resources */ = {isa = PBXBuildFile; fileRef = 1F6B837F219ED8CD00146FD1 /* Assets.xcassets */; };
		1F6B8383219ED8CD00146FD1 /* LaunchScreen.storyboard in Resources */ = {isa = PBXBuildFile; fileRef = 1F6B8381219ED8CD00146FD1 /* LaunchScreen.storyboard */; };
		1F6B838E219ED8CD00146FD1 /* HomePresenterTest.swift in Sources */ = {isa = PBXBuildFile; fileRef = 1F6B838D219ED8CD00146FD1 /* HomePresenterTest.swift */; };
		1F80C66421FD312200C88019 /* PrimitiveSequenceExt.swift in Sources */ = {isa = PBXBuildFile; fileRef = 1F80C66321FD312200C88019 /* PrimitiveSequenceExt.swift */; };
		1F80C66B21FEF91300C88019 /* HomePresenter.swift in Sources */ = {isa = PBXBuildFile; fileRef = 1F80C66A21FEF91300C88019 /* HomePresenter.swift */; };
		1F80C66D21FF088A00C88019 /* HomeResponse.swift in Sources */ = {isa = PBXBuildFile; fileRef = 1F80C66C21FF088A00C88019 /* HomeResponse.swift */; };
		1F80C66F21FF127C00C88019 /* HomeDatasource.swift in Sources */ = {isa = PBXBuildFile; fileRef = 1F80C66E21FF127C00C88019 /* HomeDatasource.swift */; };
		1F80C67121FF142400C88019 /* HomeParam.swift in Sources */ = {isa = PBXBuildFile; fileRef = 1F80C67021FF142400C88019 /* HomeParam.swift */; };
		1F80C67321FF19CD00C88019 /* HomeEntity.swift in Sources */ = {isa = PBXBuildFile; fileRef = 1F80C67221FF19CD00C88019 /* HomeEntity.swift */; };
		1F80C67521FFEDFD00C88019 /* HomeAssembly.swift in Sources */ = {isa = PBXBuildFile; fileRef = 1F80C67421FFEDFD00C88019 /* HomeAssembly.swift */; };
		1F80C67722000BFC00C88019 /* NetworkAssembly.swift in Sources */ = {isa = PBXBuildFile; fileRef = 1F80C67622000BFC00C88019 /* NetworkAssembly.swift */; };
		1F80C6792200211400C88019 /* HomeFactory.swift in Sources */ = {isa = PBXBuildFile; fileRef = 1F80C6782200211400C88019 /* HomeFactory.swift */; };
		1F80C67B2200232900C88019 /* HomeRepository.swift in Sources */ = {isa = PBXBuildFile; fileRef = 1F80C67A2200232900C88019 /* HomeRepository.swift */; };
		1F80C67D220028DD00C88019 /* HomeUsecase.swift in Sources */ = {isa = PBXBuildFile; fileRef = 1F80C67C220028DD00C88019 /* HomeUsecase.swift */; };
		1F80C67F22002DEE00C88019 /* HomeView.swift in Sources */ = {isa = PBXBuildFile; fileRef = 1F80C67E22002DEE00C88019 /* HomeView.swift */; };
		1F80C68122004C4500C88019 /* HomeController.swift in Sources */ = {isa = PBXBuildFile; fileRef = 1F80C68022004C4500C88019 /* HomeController.swift */; };
		1F87516921A5775200DDA683 /* CoreConfig.swift in Sources */ = {isa = PBXBuildFile; fileRef = 1F87516821A5775200DDA683 /* CoreConfig.swift */; };
		1F87516B21A578CC00DDA683 /* CoreExt.swift in Sources */ = {isa = PBXBuildFile; fileRef = 1F87516A21A578CC00DDA683 /* CoreExt.swift */; };
		1F87516D21A625D400DDA683 /* JobExecutor.swift in Sources */ = {isa = PBXBuildFile; fileRef = 1F87516C21A625D400DDA683 /* JobExecutor.swift */; };
		1F87516F21A628FD00DDA683 /* RxThread.swift in Sources */ = {isa = PBXBuildFile; fileRef = 1F87516E21A628FD00DDA683 /* RxThread.swift */; };
		1F87517121A6298300DDA683 /* UIThread.swift in Sources */ = {isa = PBXBuildFile; fileRef = 1F87517021A6298300DDA683 /* UIThread.swift */; };
		1F87517421A68C9A00DDA683 /* AppAssembly.swift in Sources */ = {isa = PBXBuildFile; fileRef = 1F87517321A68C9A00DDA683 /* AppAssembly.swift */; };
		1F87517621A698DB00DDA683 /* DefaultObserver.swift in Sources */ = {isa = PBXBuildFile; fileRef = 1F87517521A698DB00DDA683 /* DefaultObserver.swift */; };
		1F87517821A69C0D00DDA683 /* Usecase.swift in Sources */ = {isa = PBXBuildFile; fileRef = 1F87517721A69C0D00DDA683 /* Usecase.swift */; };
		1FD6C21521FBD29E009F4699 /* Network.swift in Sources */ = {isa = PBXBuildFile; fileRef = 1FD6C21421FBD29E009F4699 /* Network.swift */; };
		1FF0D87922B0D7C0005DBA17 /* Datasource.swift in Sources */ = {isa = PBXBuildFile; fileRef = 1FF0D87822B0D7C0005DBA17 /* Datasource.swift */; };
		1FF0D87B22B0D7DB005DBA17 /* DatasourceCell.swift in Sources */ = {isa = PBXBuildFile; fileRef = 1FF0D87A22B0D7DB005DBA17 /* DatasourceCell.swift */; };
		1FF0D87D22B0D811005DBA17 /* DatasourceController.swift in Sources */ = {isa = PBXBuildFile; fileRef = 1FF0D87C22B0D811005DBA17 /* DatasourceController.swift */; };
		1FF0D87F22B0D82A005DBA17 /* DefaultCell.swift in Sources */ = {isa = PBXBuildFile; fileRef = 1FF0D87E22B0D82A005DBA17 /* DefaultCell.swift */; };
		1FF0D88122B0D871005DBA17 /* LoadingErrorView.swift in Sources */ = {isa = PBXBuildFile; fileRef = 1FF0D88022B0D871005DBA17 /* LoadingErrorView.swift */; };
		1FF0D88322B0D8D0005DBA17 /* LoadingMoreErrorView.swift in Sources */ = {isa = PBXBuildFile; fileRef = 1FF0D88222B0D8D0005DBA17 /* LoadingMoreErrorView.swift */; };
		1FF0D88522B0D8E7005DBA17 /* LoadingMoreView.swift in Sources */ = {isa = PBXBuildFile; fileRef = 1FF0D88422B0D8E7005DBA17 /* LoadingMoreView.swift */; };
		1FF0D88722B0D8FA005DBA17 /* LoadingView.swift in Sources */ = {isa = PBXBuildFile; fileRef = 1FF0D88622B0D8FA005DBA17 /* LoadingView.swift */; };
		1FF0D88922B1EEAB005DBA17 /* HomeViewCell.swift in Sources */ = {isa = PBXBuildFile; fileRef = 1FF0D88822B1EEAB005DBA17 /* HomeViewCell.swift */; };
		1FF0D88B22B1EF41005DBA17 /* HomeViewDatasource.swift in Sources */ = {isa = PBXBuildFile; fileRef = 1FF0D88A22B1EF41005DBA17 /* HomeViewDatasource.swift */; };
/* End PBXBuildFile section */

/* Begin PBXContainerItemProxy section */
		1F6B838A219ED8CD00146FD1 /* PBXContainerItemProxy */ = {
			isa = PBXContainerItemProxy;
			containerPortal = 1F6B836D219ED8CC00146FD1 /* Project object */;
			proxyType = 1;
			remoteGlobalIDString = 1F6B8374219ED8CC00146FD1;
			remoteInfo = App;
		};
/* End PBXContainerItemProxy section */

/* Begin PBXFileReference section */
		1F44E26F21D50615003A0542 /* AppRouter.swift */ = {isa = PBXFileReference; lastKnownFileType = sourcecode.swift; path = AppRouter.swift; sourceTree = "<group>"; };
		1F55855621D4FD9D0073E05F /* Base */ = {isa = PBXFileReference; lastKnownFileType = file.storyboard; name = Base; path = Base.lproj/Main.storyboard; sourceTree = "<group>"; };
		1F62290622028EFB001C5AFC /* AppContainer.swift */ = {isa = PBXFileReference; lastKnownFileType = sourcecode.swift; path = AppContainer.swift; sourceTree = "<group>"; };
		1F6B8375219ED8CC00146FD1 /* App.app */ = {isa = PBXFileReference; explicitFileType = wrapper.application; includeInIndex = 0; path = App.app; sourceTree = BUILT_PRODUCTS_DIR; };
		1F6B8378219ED8CC00146FD1 /* AppDelegate.swift */ = {isa = PBXFileReference; lastKnownFileType = sourcecode.swift; path = AppDelegate.swift; sourceTree = "<group>"; };
		1F6B837F219ED8CD00146FD1 /* Assets.xcassets */ = {isa = PBXFileReference; lastKnownFileType = folder.assetcatalog; path = Assets.xcassets; sourceTree = "<group>"; };
		1F6B8382219ED8CD00146FD1 /* Base */ = {isa = PBXFileReference; lastKnownFileType = file.storyboard; name = Base; path = Base.lproj/LaunchScreen.storyboard; sourceTree = "<group>"; };
		1F6B8384219ED8CD00146FD1 /* Info.plist */ = {isa = PBXFileReference; lastKnownFileType = text.plist.xml; path = Info.plist; sourceTree = "<group>"; };
		1F6B8389219ED8CD00146FD1 /* AppTests.xctest */ = {isa = PBXFileReference; explicitFileType = wrapper.cfbundle; includeInIndex = 0; path = AppTests.xctest; sourceTree = BUILT_PRODUCTS_DIR; };
		1F6B838D219ED8CD00146FD1 /* HomePresenterTest.swift */ = {isa = PBXFileReference; lastKnownFileType = sourcecode.swift; path = HomePresenterTest.swift; sourceTree = "<group>"; };
		1F6B838F219ED8CD00146FD1 /* Info.plist */ = {isa = PBXFileReference; lastKnownFileType = text.plist.xml; path = Info.plist; sourceTree = "<group>"; };
		1F80C66321FD312200C88019 /* PrimitiveSequenceExt.swift */ = {isa = PBXFileReference; lastKnownFileType = sourcecode.swift; path = PrimitiveSequenceExt.swift; sourceTree = "<group>"; };
		1F80C66A21FEF91300C88019 /* HomePresenter.swift */ = {isa = PBXFileReference; lastKnownFileType = sourcecode.swift; path = HomePresenter.swift; sourceTree = "<group>"; };
		1F80C66C21FF088A00C88019 /* HomeResponse.swift */ = {isa = PBXFileReference; lastKnownFileType = sourcecode.swift; path = HomeResponse.swift; sourceTree = "<group>"; };
		1F80C66E21FF127C00C88019 /* HomeDatasource.swift */ = {isa = PBXFileReference; lastKnownFileType = sourcecode.swift; path = HomeDatasource.swift; sourceTree = "<group>"; };
		1F80C67021FF142400C88019 /* HomeParam.swift */ = {isa = PBXFileReference; lastKnownFileType = sourcecode.swift; path = HomeParam.swift; sourceTree = "<group>"; };
		1F80C67221FF19CD00C88019 /* HomeEntity.swift */ = {isa = PBXFileReference; lastKnownFileType = sourcecode.swift; path = HomeEntity.swift; sourceTree = "<group>"; };
		1F80C67421FFEDFD00C88019 /* HomeAssembly.swift */ = {isa = PBXFileReference; lastKnownFileType = sourcecode.swift; path = HomeAssembly.swift; sourceTree = "<group>"; };
		1F80C67622000BFC00C88019 /* NetworkAssembly.swift */ = {isa = PBXFileReference; lastKnownFileType = sourcecode.swift; path = NetworkAssembly.swift; sourceTree = "<group>"; };
		1F80C6782200211400C88019 /* HomeFactory.swift */ = {isa = PBXFileReference; lastKnownFileType = sourcecode.swift; path = HomeFactory.swift; sourceTree = "<group>"; };
		1F80C67A2200232900C88019 /* HomeRepository.swift */ = {isa = PBXFileReference; lastKnownFileType = sourcecode.swift; path = HomeRepository.swift; sourceTree = "<group>"; };
		1F80C67C220028DD00C88019 /* HomeUsecase.swift */ = {isa = PBXFileReference; lastKnownFileType = sourcecode.swift; path = HomeUsecase.swift; sourceTree = "<group>"; };
		1F80C67E22002DEE00C88019 /* HomeView.swift */ = {isa = PBXFileReference; lastKnownFileType = sourcecode.swift; path = HomeView.swift; sourceTree = "<group>"; };
		1F80C68022004C4500C88019 /* HomeController.swift */ = {isa = PBXFileReference; lastKnownFileType = sourcecode.swift; path = HomeController.swift; sourceTree = "<group>"; };
		1F87516821A5775200DDA683 /* CoreConfig.swift */ = {isa = PBXFileReference; lastKnownFileType = sourcecode.swift; path = CoreConfig.swift; sourceTree = "<group>"; };
		1F87516A21A578CC00DDA683 /* CoreExt.swift */ = {isa = PBXFileReference; lastKnownFileType = sourcecode.swift; path = CoreExt.swift; sourceTree = "<group>"; };
		1F87516C21A625D400DDA683 /* JobExecutor.swift */ = {isa = PBXFileReference; lastKnownFileType = sourcecode.swift; path = JobExecutor.swift; sourceTree = "<group>"; };
		1F87516E21A628FD00DDA683 /* RxThread.swift */ = {isa = PBXFileReference; lastKnownFileType = sourcecode.swift; path = RxThread.swift; sourceTree = "<group>"; };
		1F87517021A6298300DDA683 /* UIThread.swift */ = {isa = PBXFileReference; lastKnownFileType = sourcecode.swift; path = UIThread.swift; sourceTree = "<group>"; };
		1F87517321A68C9A00DDA683 /* AppAssembly.swift */ = {isa = PBXFileReference; lastKnownFileType = sourcecode.swift; path = AppAssembly.swift; sourceTree = "<group>"; };
		1F87517521A698DB00DDA683 /* DefaultObserver.swift */ = {isa = PBXFileReference; lastKnownFileType = sourcecode.swift; path = DefaultObserver.swift; sourceTree = "<group>"; };
		1F87517721A69C0D00DDA683 /* Usecase.swift */ = {isa = PBXFileReference; lastKnownFileType = sourcecode.swift; path = Usecase.swift; sourceTree = "<group>"; };
		1F9E069321A8BBC5009E28BA /* RxNimbleRxTest.framework */ = {isa = PBXFileReference; lastKnownFileType = wrapper.framework; name = RxNimbleRxTest.framework; path = Carthage/Build/iOS/RxNimbleRxTest.framework; sourceTree = "<group>"; };
		1F9E069521A8BC17009E28BA /* RxNimbleRxBlocking.framework */ = {isa = PBXFileReference; lastKnownFileType = wrapper.framework; name = RxNimbleRxBlocking.framework; path = Carthage/Build/iOS/RxNimbleRxBlocking.framework; sourceTree = "<group>"; };
		1FD6C21421FBD29E009F4699 /* Network.swift */ = {isa = PBXFileReference; lastKnownFileType = sourcecode.swift; path = Network.swift; sourceTree = "<group>"; };
		1FECECE221A27C97001B0013 /* Quick.framework */ = {isa = PBXFileReference; lastKnownFileType = wrapper.framework; name = Quick.framework; path = Carthage/Build/iOS/Quick.framework; sourceTree = "<group>"; };
		1FECECE321A27C97001B0013 /* RxCocoa.framework */ = {isa = PBXFileReference; lastKnownFileType = wrapper.framework; name = RxCocoa.framework; path = Carthage/Build/iOS/RxCocoa.framework; sourceTree = "<group>"; };
		1FECECE421A27C97001B0013 /* Kingfisher.framework */ = {isa = PBXFileReference; lastKnownFileType = wrapper.framework; name = Kingfisher.framework; path = Carthage/Build/iOS/Kingfisher.framework; sourceTree = "<group>"; };
		1FECECE521A27C97001B0013 /* RxSwift.framework */ = {isa = PBXFileReference; lastKnownFileType = wrapper.framework; name = RxSwift.framework; path = Carthage/Build/iOS/RxSwift.framework; sourceTree = "<group>"; };
		1FECECE621A27C97001B0013 /* Swinject.framework */ = {isa = PBXFileReference; lastKnownFileType = wrapper.framework; name = Swinject.framework; path = Carthage/Build/iOS/Swinject.framework; sourceTree = "<group>"; };
		1FECECE721A27C97001B0013 /* RxBlocking.framework */ = {isa = PBXFileReference; lastKnownFileType = wrapper.framework; name = RxBlocking.framework; path = Carthage/Build/iOS/RxBlocking.framework; sourceTree = "<group>"; };
		1FECECE821A27C97001B0013 /* RxAlamofire.framework */ = {isa = PBXFileReference; lastKnownFileType = wrapper.framework; name = RxAlamofire.framework; path = Carthage/Build/iOS/RxAlamofire.framework; sourceTree = "<group>"; };
		1FECECE921A27C97001B0013 /* RxTest.framework */ = {isa = PBXFileReference; lastKnownFileType = wrapper.framework; name = RxTest.framework; path = Carthage/Build/iOS/RxTest.framework; sourceTree = "<group>"; };
		1FECECEA21A27C97001B0013 /* Alamofire.framework */ = {isa = PBXFileReference; lastKnownFileType = wrapper.framework; name = Alamofire.framework; path = Carthage/Build/iOS/Alamofire.framework; sourceTree = "<group>"; };
		1FECECEB21A27C97001B0013 /* Nimble.framework */ = {isa = PBXFileReference; lastKnownFileType = wrapper.framework; name = Nimble.framework; path = Carthage/Build/iOS/Nimble.framework; sourceTree = "<group>"; };
		1FECECEC21A27C97001B0013 /* RxAtomic.framework */ = {isa = PBXFileReference; lastKnownFileType = wrapper.framework; name = RxAtomic.framework; path = Carthage/Build/iOS/RxAtomic.framework; sourceTree = "<group>"; };
		1FF0D87822B0D7C0005DBA17 /* Datasource.swift */ = {isa = PBXFileReference; lastKnownFileType = sourcecode.swift; path = Datasource.swift; sourceTree = "<group>"; };
		1FF0D87A22B0D7DB005DBA17 /* DatasourceCell.swift */ = {isa = PBXFileReference; lastKnownFileType = sourcecode.swift; path = DatasourceCell.swift; sourceTree = "<group>"; };
		1FF0D87C22B0D811005DBA17 /* DatasourceController.swift */ = {isa = PBXFileReference; lastKnownFileType = sourcecode.swift; path = DatasourceController.swift; sourceTree = "<group>"; };
		1FF0D87E22B0D82A005DBA17 /* DefaultCell.swift */ = {isa = PBXFileReference; lastKnownFileType = sourcecode.swift; path = DefaultCell.swift; sourceTree = "<group>"; };
		1FF0D88022B0D871005DBA17 /* LoadingErrorView.swift */ = {isa = PBXFileReference; lastKnownFileType = sourcecode.swift; path = LoadingErrorView.swift; sourceTree = "<group>"; };
		1FF0D88222B0D8D0005DBA17 /* LoadingMoreErrorView.swift */ = {isa = PBXFileReference; lastKnownFileType = sourcecode.swift; path = LoadingMoreErrorView.swift; sourceTree = "<group>"; };
		1FF0D88422B0D8E7005DBA17 /* LoadingMoreView.swift */ = {isa = PBXFileReference; lastKnownFileType = sourcecode.swift; path = LoadingMoreView.swift; sourceTree = "<group>"; };
		1FF0D88622B0D8FA005DBA17 /* LoadingView.swift */ = {isa = PBXFileReference; lastKnownFileType = sourcecode.swift; path = LoadingView.swift; sourceTree = "<group>"; };
		1FF0D88822B1EEAB005DBA17 /* HomeViewCell.swift */ = {isa = PBXFileReference; lastKnownFileType = sourcecode.swift; path = HomeViewCell.swift; sourceTree = "<group>"; };
		1FF0D88A22B1EF41005DBA17 /* HomeViewDatasource.swift */ = {isa = PBXFileReference; lastKnownFileType = sourcecode.swift; path = HomeViewDatasource.swift; sourceTree = "<group>"; };
/* End PBXFileReference section */

/* Begin PBXFrameworksBuildPhase section */
		1F6B8372219ED8CC00146FD1 /* Frameworks */ = {
			isa = PBXFrameworksBuildPhase;
			buildActionMask = 2147483647;
			files = (
				1F44E26121D50398003A0542 /* Alamofire.framework in Frameworks */,
				1F44E26221D50398003A0542 /* Kingfisher.framework in Frameworks */,
				1F44E26321D50398003A0542 /* RxAlamofire.framework in Frameworks */,
				1F44E26421D50398003A0542 /* RxAtomic.framework in Frameworks */,
				1F44E26521D50398003A0542 /* RxBlocking.framework in Frameworks */,
				1F44E26621D50398003A0542 /* RxCocoa.framework in Frameworks */,
				1F44E26721D50398003A0542 /* RxSwift.framework in Frameworks */,
				1F44E26821D50398003A0542 /* Swinject.framework in Frameworks */,
			);
			runOnlyForDeploymentPostprocessing = 0;
		};
		1F6B8386219ED8CD00146FD1 /* Frameworks */ = {
			isa = PBXFrameworksBuildPhase;
			buildActionMask = 2147483647;
			files = (
				1F44E26921D503B4003A0542 /* Nimble.framework in Frameworks */,
				1F44E26A21D503B4003A0542 /* Quick.framework in Frameworks */,
				1F44E26B21D503B4003A0542 /* RxNimbleRxBlocking.framework in Frameworks */,
				1F44E26C21D503B4003A0542 /* RxNimbleRxTest.framework in Frameworks */,
				1F44E26D21D503B4003A0542 /* RxTest.framework in Frameworks */,
			);
			runOnlyForDeploymentPostprocessing = 0;
		};
/* End PBXFrameworksBuildPhase section */

/* Begin PBXGroup section */
		1F6229042202772E001C5AFC /* Data */ = {
			isa = PBXGroup;
			children = (
				1FD6C21421FBD29E009F4699 /* Network.swift */,
			);
			path = Data;
			sourceTree = "<group>";
		};
		1F62290522028DF5001C5AFC /* Shared */ = {
			isa = PBXGroup;
			children = (
				1F62290622028EFB001C5AFC /* AppContainer.swift */,
				1F44E26F21D50615003A0542 /* AppRouter.swift */,
			);
			path = Shared;
			sourceTree = "<group>";
		};
		1F6B836C219ED8CC00146FD1 = {
			isa = PBXGroup;
			children = (
				1F6B8377219ED8CC00146FD1 /* App */,
				1F6B838C219ED8CD00146FD1 /* AppTests */,
				1F6B8376219ED8CC00146FD1 /* Products */,
				1FECECDF21A27C0F001B0013 /* Frameworks */,
			);
			sourceTree = "<group>";
		};
		1F6B8376219ED8CC00146FD1 /* Products */ = {
			isa = PBXGroup;
			children = (
				1F6B8375219ED8CC00146FD1 /* App.app */,
				1F6B8389219ED8CD00146FD1 /* AppTests.xctest */,
			);
			name = Products;
			sourceTree = "<group>";
		};
		1F6B8377219ED8CC00146FD1 /* App */ = {
			isa = PBXGroup;
			children = (
				1F87516321A56DD500DDA683 /* Classes */,
				1F6B8378219ED8CC00146FD1 /* AppDelegate.swift */,
				1F6B837F219ED8CD00146FD1 /* Assets.xcassets */,
				1F6B8381219ED8CD00146FD1 /* LaunchScreen.storyboard */,
				1F55855521D4FD9D0073E05F /* Main.storyboard */,
				1F6B8384219ED8CD00146FD1 /* Info.plist */,
			);
			path = App;
			sourceTree = "<group>";
		};
		1F6B838C219ED8CD00146FD1 /* AppTests */ = {
			isa = PBXGroup;
			children = (
				1FECECFC21A28396001B0013 /* Classes */,
				1F6B838F219ED8CD00146FD1 /* Info.plist */,
			);
			path = AppTests;
			sourceTree = "<group>";
		};
		1F80C66721FEF82D00C88019 /* Features */ = {
			isa = PBXGroup;
			children = (
				1F80C66921FEF8FB00C88019 /* Home */,
			);
			path = Features;
			sourceTree = "<group>";
		};
		1F80C66821FEF8B800C88019 /* Home */ = {
			isa = PBXGroup;
			children = (
				1F6B838D219ED8CD00146FD1 /* HomePresenterTest.swift */,
			);
			path = Home;
			sourceTree = "<group>";
		};
		1F80C66921FEF8FB00C88019 /* Home */ = {
			isa = PBXGroup;
			children = (
				1F80C67421FFEDFD00C88019 /* HomeAssembly.swift */,
				1F80C68022004C4500C88019 /* HomeController.swift */,
				1F80C66E21FF127C00C88019 /* HomeDatasource.swift */,
				1F80C67221FF19CD00C88019 /* HomeEntity.swift */,
				1F80C6782200211400C88019 /* HomeFactory.swift */,
				1F80C67021FF142400C88019 /* HomeParam.swift */,
				1F80C66A21FEF91300C88019 /* HomePresenter.swift */,
				1F80C67A2200232900C88019 /* HomeRepository.swift */,
				1F80C66C21FF088A00C88019 /* HomeResponse.swift */,
				1F80C67C220028DD00C88019 /* HomeUsecase.swift */,
				1F80C67E22002DEE00C88019 /* HomeView.swift */,
				1FF0D88822B1EEAB005DBA17 /* HomeViewCell.swift */,
				1FF0D88A22B1EF41005DBA17 /* HomeViewDatasource.swift */,
			);
			path = Home;
			sourceTree = "<group>";
		};
		1F87516321A56DD500DDA683 /* Classes */ = {
			isa = PBXGroup;
			children = (
				1FF0D87722B0D7A4005DBA17 /* Components */,
				1F87516421A56DE400DDA683 /* Core */,
				1F80C66721FEF82D00C88019 /* Features */,
			);
			path = Classes;
			sourceTree = "<group>";
		};
		1F87516421A56DE400DDA683 /* Core */ = {
			isa = PBXGroup;
			children = (
				1F87517221A68C6D00DDA683 /* Assembly */,
				1F6229042202772E001C5AFC /* Data */,
				1F87516521A56F0C00DDA683 /* Domain */,
				1F87516621A56F1400DDA683 /* Executor */,
				1F87516721A5773800DDA683 /* Ext */,
				1F62290522028DF5001C5AFC /* Shared */,
			);
			path = Core;
			sourceTree = "<group>";
		};
		1F87516521A56F0C00DDA683 /* Domain */ = {
			isa = PBXGroup;
			children = (
				1F87517521A698DB00DDA683 /* DefaultObserver.swift */,
				1F87517721A69C0D00DDA683 /* Usecase.swift */,
			);
			path = Domain;
			sourceTree = "<group>";
		};
		1F87516621A56F1400DDA683 /* Executor */ = {
			isa = PBXGroup;
			children = (
				1F87516C21A625D400DDA683 /* JobExecutor.swift */,
				1F87516E21A628FD00DDA683 /* RxThread.swift */,
				1F87517021A6298300DDA683 /* UIThread.swift */,
			);
			path = Executor;
			sourceTree = "<group>";
		};
		1F87516721A5773800DDA683 /* Ext */ = {
			isa = PBXGroup;
			children = (
				1F87516821A5775200DDA683 /* CoreConfig.swift */,
				1F87516A21A578CC00DDA683 /* CoreExt.swift */,
				1F80C66321FD312200C88019 /* PrimitiveSequenceExt.swift */,
			);
			path = Ext;
			sourceTree = "<group>";
		};
		1F87517221A68C6D00DDA683 /* Assembly */ = {
			isa = PBXGroup;
			children = (
				1F87517321A68C9A00DDA683 /* AppAssembly.swift */,
				1F80C67622000BFC00C88019 /* NetworkAssembly.swift */,
			);
			path = Assembly;
			sourceTree = "<group>";
		};
		1FECECDF21A27C0F001B0013 /* Frameworks */ = {
			isa = PBXGroup;
			children = (
				1F9E069521A8BC17009E28BA /* RxNimbleRxBlocking.framework */,
				1F9E069321A8BBC5009E28BA /* RxNimbleRxTest.framework */,
				1FECECEA21A27C97001B0013 /* Alamofire.framework */,
				1FECECE421A27C97001B0013 /* Kingfisher.framework */,
				1FECECEB21A27C97001B0013 /* Nimble.framework */,
				1FECECE221A27C97001B0013 /* Quick.framework */,
				1FECECE821A27C97001B0013 /* RxAlamofire.framework */,
				1FECECEC21A27C97001B0013 /* RxAtomic.framework */,
				1FECECE721A27C97001B0013 /* RxBlocking.framework */,
				1FECECE321A27C97001B0013 /* RxCocoa.framework */,
				1FECECE521A27C97001B0013 /* RxSwift.framework */,
				1FECECE921A27C97001B0013 /* RxTest.framework */,
				1FECECE621A27C97001B0013 /* Swinject.framework */,
			);
			name = Frameworks;
			sourceTree = "<group>";
		};
		1FECECFC21A28396001B0013 /* Classes */ = {
			isa = PBXGroup;
			children = (
				1FECECFD21A2839B001B0013 /* Features */,
			);
			path = Classes;
			sourceTree = "<group>";
		};
		1FECECFD21A2839B001B0013 /* Features */ = {
			isa = PBXGroup;
			children = (
				1F80C66821FEF8B800C88019 /* Home */,
			);
			path = Features;
			sourceTree = "<group>";
		};
		1FF0D87722B0D7A4005DBA17 /* Components */ = {
			isa = PBXGroup;
			children = (
				1FF0D87822B0D7C0005DBA17 /* Datasource.swift */,
				1FF0D87A22B0D7DB005DBA17 /* DatasourceCell.swift */,
				1FF0D87C22B0D811005DBA17 /* DatasourceController.swift */,
				1FF0D87E22B0D82A005DBA17 /* DefaultCell.swift */,
				1FF0D88022B0D871005DBA17 /* LoadingErrorView.swift */,
				1FF0D88222B0D8D0005DBA17 /* LoadingMoreErrorView.swift */,
				1FF0D88422B0D8E7005DBA17 /* LoadingMoreView.swift */,
				1FF0D88622B0D8FA005DBA17 /* LoadingView.swift */,
			);
			path = Components;
			sourceTree = "<group>";
		};
/* End PBXGroup section */

/* Begin PBXNativeTarget section */
		1F6B8374219ED8CC00146FD1 /* App */ = {
			isa = PBXNativeTarget;
			buildConfigurationList = 1F6B8392219ED8CD00146FD1 /* Build configuration list for PBXNativeTarget "App" */;
			buildPhases = (
				1F6B8371219ED8CC00146FD1 /* Sources */,
				1F6B8372219ED8CC00146FD1 /* Frameworks */,
				1F6B8373219ED8CC00146FD1 /* Resources */,
				1FECECF821A27CC7001B0013 /* ShellScript */,
			);
			buildRules = (
			);
			dependencies = (
			);
			name = App;
			productName = App;
			productReference = 1F6B8375219ED8CC00146FD1 /* App.app */;
			productType = "com.apple.product-type.application";
		};
		1F6B8388219ED8CD00146FD1 /* AppTests */ = {
			isa = PBXNativeTarget;
			buildConfigurationList = 1F6B8395219ED8CD00146FD1 /* Build configuration list for PBXNativeTarget "AppTests" */;
			buildPhases = (
				1F6B8385219ED8CD00146FD1 /* Sources */,
				1F6B8386219ED8CD00146FD1 /* Frameworks */,
				1F6B8387219ED8CD00146FD1 /* Resources */,
			);
			buildRules = (
			);
			dependencies = (
				1F6B838B219ED8CD00146FD1 /* PBXTargetDependency */,
			);
			name = AppTests;
			productName = AppTests;
			productReference = 1F6B8389219ED8CD00146FD1 /* AppTests.xctest */;
			productType = "com.apple.product-type.bundle.unit-test";
		};
/* End PBXNativeTarget section */

/* Begin PBXProject section */
		1F6B836D219ED8CC00146FD1 /* Project object */ = {
			isa = PBXProject;
			attributes = {
				LastSwiftUpdateCheck = 1010;
				LastUpgradeCheck = 1010;
				ORGANIZATIONNAME = Swift;
				TargetAttributes = {
					1F6B8374219ED8CC00146FD1 = {
						CreatedOnToolsVersion = 10.1;
					};
					1F6B8388219ED8CD00146FD1 = {
						CreatedOnToolsVersion = 10.1;
						TestTargetID = 1F6B8374219ED8CC00146FD1;
					};
				};
			};
			buildConfigurationList = 1F6B8370219ED8CC00146FD1 /* Build configuration list for PBXProject "App" */;
			compatibilityVersion = "Xcode 9.3";
			developmentRegion = en;
			hasScannedForEncodings = 0;
			knownRegions = (
				en,
				Base,
			);
			mainGroup = 1F6B836C219ED8CC00146FD1;
			productRefGroup = 1F6B8376219ED8CC00146FD1 /* Products */;
			projectDirPath = "";
			projectRoot = "";
			targets = (
				1F6B8374219ED8CC00146FD1 /* App */,
				1F6B8388219ED8CD00146FD1 /* AppTests */,
			);
		};
/* End PBXProject section */

/* Begin PBXResourcesBuildPhase section */
		1F6B8373219ED8CC00146FD1 /* Resources */ = {
			isa = PBXResourcesBuildPhase;
			buildActionMask = 2147483647;
			files = (
				1F6B8380219ED8CD00146FD1 /* Assets.xcassets in Resources */,
				1F6B8383219ED8CD00146FD1 /* LaunchScreen.storyboard in Resources */,
				1F55855721D4FD9D0073E05F /* Main.storyboard in Resources */,
			);
			runOnlyForDeploymentPostprocessing = 0;
		};
		1F6B8387219ED8CD00146FD1 /* Resources */ = {
			isa = PBXResourcesBuildPhase;
			buildActionMask = 2147483647;
			files = (
			);
			runOnlyForDeploymentPostprocessing = 0;
		};
/* End PBXResourcesBuildPhase section */

/* Begin PBXShellScriptBuildPhase section */
		1FECECF821A27CC7001B0013 /* ShellScript */ = {
			isa = PBXShellScriptBuildPhase;
			buildActionMask = 2147483647;
			files = (
			);
			inputFileListPaths = (
			);
			inputPaths = (
				"$(SRCROOT)/Carthage/Build/iOS/Alamofire.framework",
				"$(SRCROOT)/Carthage/Build/iOS/Kingfisher.framework",
				"$(SRCROOT)/Carthage/Build/iOS/RxAlamofire.framework",
				"$(SRCROOT)/Carthage/Build/iOS/RxAtomic.framework",
				"$(SRCROOT)/Carthage/Build/iOS/RxBlocking.framework",
				"$(SRCROOT)/Carthage/Build/iOS/RxCocoa.framework",
				"$(SRCROOT)/Carthage/Build/iOS/RxSwift.framework",
				"$(SRCROOT)/Carthage/Build/iOS/Swinject.framework",
			);
			outputFileListPaths = (
			);
			outputPaths = (
				"$(BUILT_PRODUCTS_DIR)/$(FRAMEWORKS_FOLDER_PATH)/Alamofire.framework",
				"$(BUILT_PRODUCTS_DIR)/$(FRAMEWORKS_FOLDER_PATH)/Kingfisher.framework",
				"$(BUILT_PRODUCTS_DIR)/$(FRAMEWORKS_FOLDER_PATH)/RxAlamofire.framework",
				"$(BUILT_PRODUCTS_DIR)/$(FRAMEWORKS_FOLDER_PATH)/RxAtomic.framework",
				"$(BUILT_PRODUCTS_DIR)/$(FRAMEWORKS_FOLDER_PATH)/RxBlocking.framework",
				"$(BUILT_PRODUCTS_DIR)/$(FRAMEWORKS_FOLDER_PATH)/RxCocoa.framework",
				"$(BUILT_PRODUCTS_DIR)/$(FRAMEWORKS_FOLDER_PATH)/RxSwift.framework",
				"$(BUILT_PRODUCTS_DIR)/$(FRAMEWORKS_FOLDER_PATH)/Swinject.framework",
			);
			runOnlyForDeploymentPostprocessing = 0;
			shellPath = /bin/sh;
			shellScript = "# Type a script or drag a script file from your workspace to insert its path.\n/usr/local/bin/carthage copy-frameworks\n";
		};
/* End PBXShellScriptBuildPhase section */

/* Begin PBXSourcesBuildPhase section */
		1F6B8371219ED8CC00146FD1 /* Sources */ = {
			isa = PBXSourcesBuildPhase;
			buildActionMask = 2147483647;
			files = (
				1FF0D88B22B1EF41005DBA17 /* HomeViewDatasource.swift in Sources */,
				1F80C67521FFEDFD00C88019 /* HomeAssembly.swift in Sources */,
				1F80C67B2200232900C88019 /* HomeRepository.swift in Sources */,
				1F80C6792200211400C88019 /* HomeFactory.swift in Sources */,
				1F80C67321FF19CD00C88019 /* HomeEntity.swift in Sources */,
				1FF0D87D22B0D811005DBA17 /* DatasourceController.swift in Sources */,
				1FF0D88922B1EEAB005DBA17 /* HomeViewCell.swift in Sources */,
				1F80C66F21FF127C00C88019 /* HomeDatasource.swift in Sources */,
				1FD6C21521FBD29E009F4699 /* Network.swift in Sources */,
				1F87516F21A628FD00DDA683 /* RxThread.swift in Sources */,
				1F87517121A6298300DDA683 /* UIThread.swift in Sources */,
				1F80C67121FF142400C88019 /* HomeParam.swift in Sources */,
				1F87516921A5775200DDA683 /* CoreConfig.swift in Sources */,
				1F80C66421FD312200C88019 /* PrimitiveSequenceExt.swift in Sources */,
				1F80C66D21FF088A00C88019 /* HomeResponse.swift in Sources */,
				1F87517821A69C0D00DDA683 /* Usecase.swift in Sources */,
				1FF0D88722B0D8FA005DBA17 /* LoadingView.swift in Sources */,
				1FF0D88322B0D8D0005DBA17 /* LoadingMoreErrorView.swift in Sources */,
				1F6B8379219ED8CC00146FD1 /* AppDelegate.swift in Sources */,
				1F87516D21A625D400DDA683 /* JobExecutor.swift in Sources */,
				1F87517621A698DB00DDA683 /* DefaultObserver.swift in Sources */,
				1F80C67722000BFC00C88019 /* NetworkAssembly.swift in Sources */,
				1F62290722028EFB001C5AFC /* AppContainer.swift in Sources */,
				1F80C66B21FEF91300C88019 /* HomePresenter.swift in Sources */,
				1FF0D88122B0D871005DBA17 /* LoadingErrorView.swift in Sources */,
				1F80C67D220028DD00C88019 /* HomeUsecase.swift in Sources */,
				1FF0D87B22B0D7DB005DBA17 /* DatasourceCell.swift in Sources */,
				1F87517421A68C9A00DDA683 /* AppAssembly.swift in Sources */,
				1F80C68122004C4500C88019 /* HomeController.swift in Sources */,
				1FF0D87F22B0D82A005DBA17 /* DefaultCell.swift in Sources */,
				1FF0D87922B0D7C0005DBA17 /* Datasource.swift in Sources */,
				1FF0D88522B0D8E7005DBA17 /* LoadingMoreView.swift in Sources */,
				1F44E27021D50615003A0542 /* AppRouter.swift in Sources */,
				1F80C67F22002DEE00C88019 /* HomeView.swift in Sources */,
				1F87516B21A578CC00DDA683 /* CoreExt.swift in Sources */,
			);
			runOnlyForDeploymentPostprocessing = 0;
		};
		1F6B8385219ED8CD00146FD1 /* Sources */ = {
			isa = PBXSourcesBuildPhase;
			buildActionMask = 2147483647;
			files = (
				1F6B838E219ED8CD00146FD1 /* HomePresenterTest.swift in Sources */,
			);
			runOnlyForDeploymentPostprocessing = 0;
		};
/* End PBXSourcesBuildPhase section */

/* Begin PBXTargetDependency section */
		1F6B838B219ED8CD00146FD1 /* PBXTargetDependency */ = {
			isa = PBXTargetDependency;
			target = 1F6B8374219ED8CC00146FD1 /* App */;
			targetProxy = 1F6B838A219ED8CD00146FD1 /* PBXContainerItemProxy */;
		};
/* End PBXTargetDependency section */

/* Begin PBXVariantGroup section */
		1F55855521D4FD9D0073E05F /* Main.storyboard */ = {
			isa = PBXVariantGroup;
			children = (
				1F55855621D4FD9D0073E05F /* Base */,
			);
			name = Main.storyboard;
			sourceTree = "<group>";
		};
		1F6B8381219ED8CD00146FD1 /* LaunchScreen.storyboard */ = {
			isa = PBXVariantGroup;
			children = (
				1F6B8382219ED8CD00146FD1 /* Base */,
			);
			name = LaunchScreen.storyboard;
			sourceTree = "<group>";
		};
/* End PBXVariantGroup section */

/* Begin XCBuildConfiguration section */
		1F6B8390219ED8CD00146FD1 /* Debug */ = {
			isa = XCBuildConfiguration;
			buildSettings = {
				ALWAYS_SEARCH_USER_PATHS = NO;
				CLANG_ANALYZER_NONNULL = YES;
				CLANG_ANALYZER_NUMBER_OBJECT_CONVERSION = YES_AGGRESSIVE;
				CLANG_CXX_LANGUAGE_STANDARD = "gnu++14";
				CLANG_CXX_LIBRARY = "libc++";
				CLANG_ENABLE_MODULES = YES;
				CLANG_ENABLE_OBJC_ARC = YES;
				CLANG_ENABLE_OBJC_WEAK = YES;
				CLANG_WARN_BLOCK_CAPTURE_AUTORELEASING = YES;
				CLANG_WARN_BOOL_CONVERSION = YES;
				CLANG_WARN_COMMA = YES;
				CLANG_WARN_CONSTANT_CONVERSION = YES;
				CLANG_WARN_DEPRECATED_OBJC_IMPLEMENTATIONS = YES;
				CLANG_WARN_DIRECT_OBJC_ISA_USAGE = YES_ERROR;
				CLANG_WARN_DOCUMENTATION_COMMENTS = YES;
				CLANG_WARN_EMPTY_BODY = YES;
				CLANG_WARN_ENUM_CONVERSION = YES;
				CLANG_WARN_INFINITE_RECURSION = YES;
				CLANG_WARN_INT_CONVERSION = YES;
				CLANG_WARN_NON_LITERAL_NULL_CONVERSION = YES;
				CLANG_WARN_OBJC_IMPLICIT_RETAIN_SELF = YES;
				CLANG_WARN_OBJC_LITERAL_CONVERSION = YES;
				CLANG_WARN_OBJC_ROOT_CLASS = YES_ERROR;
				CLANG_WARN_RANGE_LOOP_ANALYSIS = YES;
				CLANG_WARN_STRICT_PROTOTYPES = YES;
				CLANG_WARN_SUSPICIOUS_MOVE = YES;
				CLANG_WARN_UNGUARDED_AVAILABILITY = YES_AGGRESSIVE;
				CLANG_WARN_UNREACHABLE_CODE = YES;
				CLANG_WARN__DUPLICATE_METHOD_MATCH = YES;
				CODE_SIGN_IDENTITY = "iPhone Developer";
				COPY_PHASE_STRIP = NO;
				DEBUG_INFORMATION_FORMAT = dwarf;
				ENABLE_STRICT_OBJC_MSGSEND = YES;
				ENABLE_TESTABILITY = YES;
				GCC_C_LANGUAGE_STANDARD = gnu11;
				GCC_DYNAMIC_NO_PIC = NO;
				GCC_NO_COMMON_BLOCKS = YES;
				GCC_OPTIMIZATION_LEVEL = 0;
				GCC_PREPROCESSOR_DEFINITIONS = (
					"DEBUG=1",
					"$(inherited)",
				);
				GCC_WARN_64_TO_32_BIT_CONVERSION = YES;
				GCC_WARN_ABOUT_RETURN_TYPE = YES_ERROR;
				GCC_WARN_UNDECLARED_SELECTOR = YES;
				GCC_WARN_UNINITIALIZED_AUTOS = YES_AGGRESSIVE;
				GCC_WARN_UNUSED_FUNCTION = YES;
				GCC_WARN_UNUSED_VARIABLE = YES;
				IPHONEOS_DEPLOYMENT_TARGET = 12.1;
				MTL_ENABLE_DEBUG_INFO = INCLUDE_SOURCE;
				MTL_FAST_MATH = YES;
				ONLY_ACTIVE_ARCH = YES;
				SDKROOT = iphoneos;
				SWIFT_ACTIVE_COMPILATION_CONDITIONS = DEBUG;
				SWIFT_OPTIMIZATION_LEVEL = "-Onone";
			};
			name = Debug;
		};
		1F6B8391219ED8CD00146FD1 /* Release */ = {
			isa = XCBuildConfiguration;
			buildSettings = {
				ALWAYS_SEARCH_USER_PATHS = NO;
				CLANG_ANALYZER_NONNULL = YES;
				CLANG_ANALYZER_NUMBER_OBJECT_CONVERSION = YES_AGGRESSIVE;
				CLANG_CXX_LANGUAGE_STANDARD = "gnu++14";
				CLANG_CXX_LIBRARY = "libc++";
				CLANG_ENABLE_MODULES = YES;
				CLANG_ENABLE_OBJC_ARC = YES;
				CLANG_ENABLE_OBJC_WEAK = YES;
				CLANG_WARN_BLOCK_CAPTURE_AUTORELEASING = YES;
				CLANG_WARN_BOOL_CONVERSION = YES;
				CLANG_WARN_COMMA = YES;
				CLANG_WARN_CONSTANT_CONVERSION = YES;
				CLANG_WARN_DEPRECATED_OBJC_IMPLEMENTATIONS = YES;
				CLANG_WARN_DIRECT_OBJC_ISA_USAGE = YES_ERROR;
				CLANG_WARN_DOCUMENTATION_COMMENTS = YES;
				CLANG_WARN_EMPTY_BODY = YES;
				CLANG_WARN_ENUM_CONVERSION = YES;
				CLANG_WARN_INFINITE_RECURSION = YES;
				CLANG_WARN_INT_CONVERSION = YES;
				CLANG_WARN_NON_LITERAL_NULL_CONVERSION = YES;
				CLANG_WARN_OBJC_IMPLICIT_RETAIN_SELF = YES;
				CLANG_WARN_OBJC_LITERAL_CONVERSION = YES;
				CLANG_WARN_OBJC_ROOT_CLASS = YES_ERROR;
				CLANG_WARN_RANGE_LOOP_ANALYSIS = YES;
				CLANG_WARN_STRICT_PROTOTYPES = YES;
				CLANG_WARN_SUSPICIOUS_MOVE = YES;
				CLANG_WARN_UNGUARDED_AVAILABILITY = YES_AGGRESSIVE;
				CLANG_WARN_UNREACHABLE_CODE = YES;
				CLANG_WARN__DUPLICATE_METHOD_MATCH = YES;
				CODE_SIGN_IDENTITY = "iPhone Developer";
				COPY_PHASE_STRIP = NO;
				DEBUG_INFORMATION_FORMAT = "dwarf-with-dsym";
				ENABLE_NS_ASSERTIONS = NO;
				ENABLE_STRICT_OBJC_MSGSEND = YES;
				GCC_C_LANGUAGE_STANDARD = gnu11;
				GCC_NO_COMMON_BLOCKS = YES;
				GCC_WARN_64_TO_32_BIT_CONVERSION = YES;
				GCC_WARN_ABOUT_RETURN_TYPE = YES_ERROR;
				GCC_WARN_UNDECLARED_SELECTOR = YES;
				GCC_WARN_UNINITIALIZED_AUTOS = YES_AGGRESSIVE;
				GCC_WARN_UNUSED_FUNCTION = YES;
				GCC_WARN_UNUSED_VARIABLE = YES;
				IPHONEOS_DEPLOYMENT_TARGET = 12.1;
				MTL_ENABLE_DEBUG_INFO = NO;
				MTL_FAST_MATH = YES;
				SDKROOT = iphoneos;
				SWIFT_COMPILATION_MODE = wholemodule;
				SWIFT_OPTIMIZATION_LEVEL = "-O";
				VALIDATE_PRODUCT = YES;
			};
			name = Release;
		};
		1F6B8393219ED8CD00146FD1 /* Debug */ = {
			isa = XCBuildConfiguration;
			buildSettings = {
				ASSETCATALOG_COMPILER_APPICON_NAME = AppIcon;
				BASE_URL = "https://api.themoviedb.org";
				CODE_SIGN_STYLE = Manual;
				CURRENT_PROJECT_VERSION = "";
				DEVELOPMENT_TEAM = "";
				FRAMEWORK_SEARCH_PATHS = (
					"$(inherited)",
					"$(PROJECT_DIR)/Carthage/Build/iOS",
				);
				IMAGE_URL = "https://image.tmdb.org";
				INFOPLIST_FILE = App/Info.plist;
				LD_RUNPATH_SEARCH_PATHS = (
					"$(inherited)",
					"@executable_path/Frameworks",
				);
				PRODUCT_BUNDLE_IDENTIFIER = id.swift.ios.App;
				PRODUCT_NAME = "$(TARGET_NAME)";
				PROVISIONING_PROFILE_SPECIFIER = "";
				SWIFT_VERSION = 4.2;
				TARGETED_DEVICE_FAMILY = "1,2";
			};
			name = Debug;
		};
		1F6B8394219ED8CD00146FD1 /* Release */ = {
			isa = XCBuildConfiguration;
			buildSettings = {
				ASSETCATALOG_COMPILER_APPICON_NAME = AppIcon;
				BASE_URL = "https://api.themoviedb.org";
				CODE_SIGN_STYLE = Manual;
				CURRENT_PROJECT_VERSION = "";
				DEVELOPMENT_TEAM = "";
				FRAMEWORK_SEARCH_PATHS = (
					"$(inherited)",
					"$(PROJECT_DIR)/Carthage/Build/iOS",
				);
				IMAGE_URL = "https://image.tmdb.org";
				INFOPLIST_FILE = App/Info.plist;
				LD_RUNPATH_SEARCH_PATHS = (
					"$(inherited)",
					"@executable_path/Frameworks",
				);
				PRODUCT_BUNDLE_IDENTIFIER = id.swift.ios.App;
				PRODUCT_NAME = "$(TARGET_NAME)";
				PROVISIONING_PROFILE_SPECIFIER = "";
				SWIFT_VERSION = 4.2;
				TARGETED_DEVICE_FAMILY = "1,2";
			};
			name = Release;
		};
		1F6B8396219ED8CD00146FD1 /* Debug */ = {
			isa = XCBuildConfiguration;
			buildSettings = {
				ALWAYS_EMBED_SWIFT_STANDARD_LIBRARIES = YES;
				BUNDLE_LOADER = "$(TEST_HOST)";
				CODE_SIGN_IDENTITY = "iPhone Developer";
				CODE_SIGN_STYLE = Manual;
				DEVELOPMENT_TEAM = "";
				FRAMEWORK_SEARCH_PATHS = (
					"$(inherited)",
					"$(PROJECT_DIR)/Carthage/Build/iOS",
				);
				INFOPLIST_FILE = AppTests/Info.plist;
				LD_RUNPATH_SEARCH_PATHS = (
					"$(inherited)",
					"@executable_path/Frameworks",
					"@loader_path/Frameworks",
				);
				PRODUCT_BUNDLE_IDENTIFIER = id.swift.ios.AppTests;
				PRODUCT_NAME = "$(TARGET_NAME)";
				PROVISIONING_PROFILE_SPECIFIER = "";
				SWIFT_VERSION = 4.2;
				TARGETED_DEVICE_FAMILY = "1,2";
				TEST_HOST = "$(BUILT_PRODUCTS_DIR)/App.app/App";
			};
			name = Debug;
		};
		1F6B8397219ED8CD00146FD1 /* Release */ = {
			isa = XCBuildConfiguration;
			buildSettings = {
				ALWAYS_EMBED_SWIFT_STANDARD_LIBRARIES = YES;
				BUNDLE_LOADER = "$(TEST_HOST)";
				CODE_SIGN_IDENTITY = "iPhone Distribution";
				CODE_SIGN_STYLE = Manual;
				DEVELOPMENT_TEAM = "";
				FRAMEWORK_SEARCH_PATHS = (
					"$(inherited)",
					"$(PROJECT_DIR)/Carthage/Build/iOS",
				);
				INFOPLIST_FILE = AppTests/Info.plist;
				LD_RUNPATH_SEARCH_PATHS = (
					"$(inherited)",
					"@executable_path/Frameworks",
					"@loader_path/Frameworks",
				);
				PRODUCT_BUNDLE_IDENTIFIER = id.swift.ios.AppTests;
				PRODUCT_NAME = "$(TARGET_NAME)";
				PROVISIONING_PROFILE_SPECIFIER = "";
				SWIFT_VERSION = 4.2;
				TARGETED_DEVICE_FAMILY = "1,2";
				TEST_HOST = "$(BUILT_PRODUCTS_DIR)/App.app/App";
			};
			name = Release;
		};
/* End XCBuildConfiguration section */

/* Begin XCConfigurationList section */
		1F6B8370219ED8CC00146FD1 /* Build configuration list for PBXProject "App" */ = {
			isa = XCConfigurationList;
			buildConfigurations = (
				1F6B8390219ED8CD00146FD1 /* Debug */,
				1F6B8391219ED8CD00146FD1 /* Release */,
			);
			defaultConfigurationIsVisible = 0;
			defaultConfigurationName = Release;
		};
		1F6B8392219ED8CD00146FD1 /* Build configuration list for PBXNativeTarget "App" */ = {
			isa = XCConfigurationList;
			buildConfigurations = (
				1F6B8393219ED8CD00146FD1 /* Debug */,
				1F6B8394219ED8CD00146FD1 /* Release */,
			);
			defaultConfigurationIsVisible = 0;
			defaultConfigurationName = Release;
		};
		1F6B8395219ED8CD00146FD1 /* Build configuration list for PBXNativeTarget "AppTests" */ = {
			isa = XCConfigurationList;
			buildConfigurations = (
				1F6B8396219ED8CD00146FD1 /* Debug */,
				1F6B8397219ED8CD00146FD1 /* Release */,
			);
			defaultConfigurationIsVisible = 0;
			defaultConfigurationName = Release;
		};
/* End XCConfigurationList section */
	};
	rootObject = 1F6B836D219ED8CC00146FD1 /* Project object */;
}
